<?xml version="1.0" encoding="utf-8"?>
<Project ToolsVersion="4.0" xmlns="http://schemas.microsoft.com/developer/msbuild/2003">
  <ItemGroup>
    <ClCompile Include="Src\App\ControlPilot.c" />
    <ClCompile Include="Src\App\ControlPilotVoltMeasure.c" />
    <ClCompile Include="Src\App\LedBus.c" />
    <ClCompile Include="Src\App\StatusLed.c" />
    <ClCompile Include="Src\CortexM4\CortexM4Nvic.c" />
    <ClCompile Include="Src\CortexM4\CortexM4Stk.c" />
    <ClCompile Include="Src\Drv\F302_Flash.c" />
    <ClCompile Include="Src\Drv\F302Adc.c" />
    <ClCompile Include="Src\Drv\F302Dma.c" />
    <ClCompile Include="Src\Drv\F302Gpio.c" />
    <ClCompile Include="Src\Drv\F302Rcc.c" />
    <ClCompile Include="Src\Drv\F302Timer2.c" />
    <ClCompile Include="Src\Drv\F302Usart1.c" />
    <ClCompile Include="Src\Drv\Interrupt.c" />
    <ClCompile Include="Src\DrvOut\GpioOut.c" />
    <ClCompile Include="Src\DrvOut\Usart1Out.c" />
    <ClCompile Include="Src\HalIn\DigitalIn.c" />
    <ClCompile Include="Src\HalIn\HwTestIn.c" />
    <ClCompile Include="Src\HalIn\MeasureIn.c" />
    <ClCompile Include="Src\HalOut\DebugTerminalOut.c" />
    <ClCompile Include="Src\HalOut\NeoPixel.c" />
    <ClCompile Include="Src\HalOut\PortOut.c" />
    <ClCompile Include="Src\HalOut\Serial1Out.c" />
    <ClCompile Include="Src\System\Main.c" />
    <ClCompile Include="Src\System\Timeslice.c" />
    <ClCompile Include="Src\Target\Target.c" />
    <ClCompile Include="Src\DrvIn\GpioIn.c" />
    <ClCompile Include="Src\DrvIn\Usart1In.c" />
    <ClCompile Include="Wrapper\WrapperMain.c" />
    <ClCompile Include="Wrapper\WrapperRegister.c" />
    <ClCompile Include="Wrapper\WrapperAdc.c" />
    <ClCompile Include="Wrapper\WrapperSysTick.c" />
    <ClCompile Include="Wrapper\WrapperChargePilot.c" />
    <ClCompile Include="Src\App\Relais230V.c" />
    <ClCompile Include="Src\App\StateOfCharge.c" />
    <ClCompile Include="Src\DrvIn\Spi3In.c" />
    <ClCompile Include="Src\HalIn\SpiSchedulerIn.c" />
    <ClCompile Include="Src\HalOut\SpiProt.c" />
    <ClCompile Include="Src\HalOut\SpiSchedulerOut.c" />
    <ClCompile Include="Src\App\Authorization.c" />
    <ClCompile Include="Src\App\Nfc.c" />
    <ClCompile Include="Src\Drv\F302Spi3.c" />
    <ClCompile Include="Src\DrvOut\Spi3Out.c" />
  </ItemGroup>
  <ItemGroup>
    <ClInclude Include="Src\App\ControlPilot.h" />
    <ClInclude Include="Src\App\ControlPilotVoltMeasure.h" />
    <ClInclude Include="Src\App\LedBus.h" />
    <ClInclude Include="Src\App\StatusLed.h" />
    <ClInclude Include="Src\CortexM4\CortexM4_FPU_Def.h" />
    <ClInclude Include="Src\CortexM4\CortexM4_NVIC_Def.h" />
    <ClInclude Include="Src\CortexM4\CortexM4_Stk_Def.h" />
    <ClInclude Include="Src\CortexM4\CortexM4Nvic.h" />
    <ClInclude Include="Src\CortexM4\CortexM4Stk.h" />
    <ClInclude Include="Src\Drv\F302_Flash.h" />
    <ClInclude Include="Src\Drv\F302Adc.h" />
    <ClInclude Include="Src\Drv\F302Dma.h" />
    <ClInclude Include="Src\Drv\F302Gpio.h" />
    <ClInclude Include="Src\Drv\F302Rcc.h" />
    <ClInclude Include="Src\Drv\F302Timer2.h" />
    <ClInclude Include="Src\Drv\F302Usart1.h" />
    <ClInclude Include="Src\Drv\Interrupt.h" />
    <ClInclude Include="Src\Drv\Preprozessor.h" />
    <ClInclude Include="Src\DrvOut\GpioOut.h" />
    <ClInclude Include="Src\DrvOut\Usart1Out.h" />
    <ClInclude Include="Src\HalIn\DigitalIn.h" />
    <ClInclude Include="Src\HalIn\HwTestIn.h" />
    <ClInclude Include="Src\HalIn\MeasureIn.h" />
    <ClInclude Include="Src\HalOut\DebugTerminalOut.h" />
    <ClInclude Include="Src\HalOut\NeoPixel.h" />
    <ClInclude Include="Src\HalOut\PortOut.h" />
    <ClInclude Include="Src\HalOut\Serial1Out.h" />
    <ClInclude Include="Src\HalOut\SerialOutDef.h" />
    <ClInclude Include="Src\System\Main.h" />
    <ClInclude Include="Src\System\Timeslice.h" />
    <ClInclude Include="Src\Target\Target.h" />
    <ClInclude Include="Src\Target\TargetConfig.h" />
    <ClInclude Include="Src\App\Relais230V.h" />
    <ClInclude Include="Src\App\StateOfCharge.h" />
    <ClInclude Include="Wrapper\WrapperDef.h" />
  </ItemGroup>
</Project>